
Microsoft Visual Studio Solution File, Format Version 12.00
# Visual Studio Version 17
VisualStudioVersion = 17.0.32112.339
MinimumVisualStudioVersion = 10.0.40219.1
Project("{FAE04EC0-301F-11D3-BF4B-00C04F79EFBC}") = "DelCoVtor", "DelCoVtor\DelCoVtor.csproj", "{31CEF231-3DFD-499A-B7C3-47299CF2239A}"
EndProject
Global
	GlobalSection(SolutionConfigurationPlatforms) = preSolution
		Debug|Any CPU = Debug|Any CPU
		Release|Any CPU = Release|Any CPU
	EndGlobalSection
	GlobalSection(ProjectConfigurationPlatforms) = postSolution
		{31CEF231-3DFD-499A-B7C3-47299CF2239A}.Debug|Any CPU.ActiveCfg = Debug|Any CPU
		{31CEF231-3DFD-499A-B7C3-47299CF2239A}.Debug|Any CPU.Build.0 = Debug|Any CPU
		{31CEF231-3DFD-499A-B7C3-47299CF2239A}.Release|Any CPU.ActiveCfg = Release|Any CPU
		{31CEF231-3DFD-499A-B7C3-47299CF2239A}.Release|Any CPU.Build.0 = Release|Any CPU
	EndGlobalSection
	GlobalSection(SolutionProperties) = preSolution
		HideSolutionNode = FALSE
	EndGlobalSection
	GlobalSection(ExtensibilityGlobals) = postSolution
		SolutionGuid = {58C551C3-467F-4BF2-AF6D-DA217B57598F}
	EndGlobalSection
EndGlobal
